{
  "name": "@aczwink/openarabicconjugation",
  "version": "1.0.0",
  "lockfileVersion": 3,
  "requires": true,
  "packages": {
    "": {
      "name": "@aczwink/openarabicconjugation",
      "version": "1.0.0",
      "license": "AGPL-3.0",
      "dependencies": {
        "@aczwink/acts-util-core": "^1.0.0"
      },
      "devDependencies": {
        "typescript": "^5.9.3"
      }
    },
    "node_modules/@aczwink/acts-util-core": {
      "version": "1.0.0",
      "license": "AGPL-3.0-only",
      "dependencies": {
        "reflect-metadata": "^0.2.2"
      }
    },
    "node_modules/reflect-metadata": {
      "version": "0.2.2",
      "license": "Apache-2.0"
    },
    "node_modules/typescript": {
      "version": "5.9.3",
      "dev": true,
      "license": "Apache-2.0",
      "bin": {
        "tsc": "bin/tsc",
        "tsserver": "bin/tsserver"
      },
      "engines": {
        "node": ">=14.17"
      }
    }
  }
}
